
Microsoft Visual Studio Solution File, Format Version 12.00
# Visual Studio Version 16
VisualStudioVersion = 16.0.30204.135
MinimumVisualStudioVersion = 10.0.40219.1
Project("{FAE04EC0-301F-11D3-BF4B-00C04F79EFBC}") = "Packer", "Packer\Packer.csproj", "{E9B7F569-03AA-4317-9564-871871A8722A}"
EndProject
Global
	GlobalSection(SolutionConfigurationPlatforms) = preSolution
		Debug|Any CPU = Debug|Any CPU
		Release|Any CPU = Release|Any CPU
	EndGlobalSection
	GlobalSection(ProjectConfigurationPlatforms) = postSolution
		{E9B7F569-03AA-4317-9564-871871A8722A}.Debug|Any CPU.ActiveCfg = Debug|Any CPU
		{E9B7F569-03AA-4317-9564-871871A8722A}.Debug|Any CPU.Build.0 = Debug|Any CPU
		{E9B7F569-03AA-4317-9564-871871A8722A}.Release|Any CPU.ActiveCfg = Release|Any CPU
		{E9B7F569-03AA-4317-9564-871871A8722A}.Release|Any CPU.Build.0 = Release|Any CPU
	EndGlobalSection
	GlobalSection(SolutionProperties) = preSolution
		HideSolutionNode = FALSE
	EndGlobalSection
	GlobalSection(ExtensibilityGlobals) = postSolution
		SolutionGuid = {5FC6B619-6D6A-4746-9157-308DD3B176C2}
	EndGlobalSection
EndGlobal
